
Microsoft Visual Studio Solution File, Format Version 12.00
# Visual Studio Version 16
VisualStudioVersion = 16.0.30804.86
MinimumVisualStudioVersion = 10.0.40219.1
Project("{FAE04EC0-301F-11D3-BF4B-00C04F79EFBC}") = "programme_collections", "programme_collections\programme_collections.csproj", "{1A96DB9C-691F-4C26-973D-D395EEA1048D}"
EndProject
Global
	GlobalSection(SolutionConfigurationPlatforms) = preSolution
		Debug|Any CPU = Debug|Any CPU
		Release|Any CPU = Release|Any CPU
	EndGlobalSection
	GlobalSection(ProjectConfigurationPlatforms) = postSolution
		{1A96DB9C-691F-4C26-973D-D395EEA1048D}.Debug|Any CPU.ActiveCfg = Debug|Any CPU
		{1A96DB9C-691F-4C26-973D-D395EEA1048D}.Debug|Any CPU.Build.0 = Debug|Any CPU
		{1A96DB9C-691F-4C26-973D-D395EEA1048D}.Release|Any CPU.ActiveCfg = Release|Any CPU
		{1A96DB9C-691F-4C26-973D-D395EEA1048D}.Release|Any CPU.Build.0 = Release|Any CPU
	EndGlobalSection
	GlobalSection(SolutionProperties) = preSolution
		HideSolutionNode = FALSE
	EndGlobalSection
	GlobalSection(ExtensibilityGlobals) = postSolution
		SolutionGuid = {D64AECDF-965E-4B49-8FC0-E159645F2804}
	EndGlobalSection
EndGlobal
